// !$*UTF8*$!
{
	archiveVersion = 1;
	classes = {
	};
	objectVersion = 56;
	objects = {

/* Begin PBXBuildFile section */
		812C8B9429D2428400B7F7A2 /* AppDelegate.swift in Sources */ = {isa = PBXBuildFile; fileRef = 812C8B9329D2428400B7F7A2 /* AppDelegate.swift */; };
		812C8B9629D2428400B7F7A2 /* SceneDelegate.swift in Sources */ = {isa = PBXBuildFile; fileRef = 812C8B9529D2428400B7F7A2 /* SceneDelegate.swift */; };
		812C8B9829D2428400B7F7A2 /* LoginViewController.swift in Sources */ = {isa = PBXBuildFile; fileRef = 812C8B9729D2428400B7F7A2 /* LoginViewController.swift */; };
		812C8B9B29D2428400B7F7A2 /* Main.storyboard in Resources */ = {isa = PBXBuildFile; fileRef = 812C8B9929D2428400B7F7A2 /* Main.storyboard */; };
		812C8B9D29D2428500B7F7A2 /* Assets.xcassets in Resources */ = {isa = PBXBuildFile; fileRef = 812C8B9C29D2428500B7F7A2 /* Assets.xcassets */; };
		812C8BA029D2428500B7F7A2 /* LaunchScreen.storyboard in Resources */ = {isa = PBXBuildFile; fileRef = 812C8B9E29D2428500B7F7A2 /* LaunchScreen.storyboard */; };
		812C8BA929D2431C00B7F7A2 /* ParseSwift in Frameworks */ = {isa = PBXBuildFile; productRef = 812C8BA829D2431C00B7F7A2 /* ParseSwift */; };
		812C8BB129D2457C00B7F7A2 /* Alamofire in Frameworks */ = {isa = PBXBuildFile; productRef = 812C8BB029D2457C00B7F7A2 /* Alamofire */; };
		812C8BB429D2465700B7F7A2 /* AlamofireImage in Frameworks */ = {isa = PBXBuildFile; productRef = 812C8BB329D2465700B7F7A2 /* AlamofireImage */; };
		812C8BB829D2524700B7F7A2 /* Users.swift in Sources */ = {isa = PBXBuildFile; fileRef = 812C8BB729D2524700B7F7A2 /* Users.swift */; };
		812C8BBA29D2834200B7F7A2 /* SignUpViewController.swift in Sources */ = {isa = PBXBuildFile; fileRef = 812C8BB929D2834200B7F7A2 /* SignUpViewController.swift */; };
		812C8BBC29D2856E00B7F7A2 /* DateFormatter+Extension.swift in Sources */ = {isa = PBXBuildFile; fileRef = 812C8BBB29D2856E00B7F7A2 /* DateFormatter+Extension.swift */; };
		8186770629D28D8900B13A99 /* PostViewController.swift in Sources */ = {isa = PBXBuildFile; fileRef = 8186770529D28D8900B13A99 /* PostViewController.swift */; };
		8186770E29D295F100B13A99 /* PostCell.swift in Sources */ = {isa = PBXBuildFile; fileRef = 8186770D29D295F100B13A99 /* PostCell.swift */; };
		8186771029D297E000B13A99 /* Post.swift in Sources */ = {isa = PBXBuildFile; fileRef = 8186770F29D297E000B13A99 /* Post.swift */; };
		8186771229D29CC300B13A99 /* FeedViewController.swift in Sources */ = {isa = PBXBuildFile; fileRef = 8186771129D29CC300B13A99 /* FeedViewController.swift */; };
/* End PBXBuildFile section */

/* Begin PBXFileReference section */
		812C8B9029D2428400B7F7A2 /* Be_Real_Clone.app */ = {isa = PBXFileReference; explicitFileType = wrapper.application; includeInIndex = 0; path = Be_Real_Clone.app; sourceTree = BUILT_PRODUCTS_DIR; };
		812C8B9329D2428400B7F7A2 /* AppDelegate.swift */ = {isa = PBXFileReference; lastKnownFileType = sourcecode.swift; path = AppDelegate.swift; sourceTree = "<group>"; };
		812C8B9529D2428400B7F7A2 /* SceneDelegate.swift */ = {isa = PBXFileReference; lastKnownFileType = sourcecode.swift; path = SceneDelegate.swift; sourceTree = "<group>"; };
		812C8B9729D2428400B7F7A2 /* LoginViewController.swift */ = {isa = PBXFileReference; lastKnownFileType = sourcecode.swift; name = LoginViewController.swift; path = Be_Real_Clone/LoginViewController.swift; sourceTree = SOURCE_ROOT; };
		812C8B9A29D2428400B7F7A2 /* Base */ = {isa = PBXFileReference; lastKnownFileType = file.storyboard; name = Base; path = Base.lproj/Main.storyboard; sourceTree = "<group>"; };
		812C8B9C29D2428500B7F7A2 /* Assets.xcassets */ = {isa = PBXFileReference; lastKnownFileType = folder.assetcatalog; path = Assets.xcassets; sourceTree = "<group>"; };
		812C8B9F29D2428500B7F7A2 /* Base */ = {isa = PBXFileReference; lastKnownFileType = file.storyboard; name = Base; path = Base.lproj/LaunchScreen.storyboard; sourceTree = "<group>"; };
		812C8BA129D2428500B7F7A2 /* Info.plist */ = {isa = PBXFileReference; lastKnownFileType = text.plist.xml; path = Info.plist; sourceTree = "<group>"; };
		812C8BB729D2524700B7F7A2 /* Users.swift */ = {isa = PBXFileReference; lastKnownFileType = sourcecode.swift; path = Users.swift; sourceTree = "<group>"; };
		812C8BB929D2834200B7F7A2 /* SignUpViewController.swift */ = {isa = PBXFileReference; lastKnownFileType = sourcecode.swift; path = SignUpViewController.swift; sourceTree = "<group>"; };
		812C8BBB29D2856E00B7F7A2 /* DateFormatter+Extension.swift */ = {isa = PBXFileReference; lastKnownFileType = sourcecode.swift; path = "DateFormatter+Extension.swift"; sourceTree = "<group>"; };
		8186770529D28D8900B13A99 /* PostViewController.swift */ = {isa = PBXFileReference; lastKnownFileType = sourcecode.swift; path = PostViewController.swift; sourceTree = "<group>"; };
		8186770D29D295F100B13A99 /* PostCell.swift */ = {isa = PBXFileReference; lastKnownFileType = sourcecode.swift; path = PostCell.swift; sourceTree = "<group>"; };
		8186770F29D297E000B13A99 /* Post.swift */ = {isa = PBXFileReference; lastKnownFileType = sourcecode.swift; path = Post.swift; sourceTree = "<group>"; };
		8186771129D29CC300B13A99 /* FeedViewController.swift */ = {isa = PBXFileReference; lastKnownFileType = sourcecode.swift; path = FeedViewController.swift; sourceTree = "<group>"; };
/* End PBXFileReference section */

/* Begin PBXFrameworksBuildPhase section */
		812C8B8D29D2428400B7F7A2 /* Frameworks */ = {
			isa = PBXFrameworksBuildPhase;
			buildActionMask = 2147483647;
			files = (
				812C8BA929D2431C00B7F7A2 /* ParseSwift in Frameworks */,
				812C8BB129D2457C00B7F7A2 /* Alamofire in Frameworks */,
				812C8BB429D2465700B7F7A2 /* AlamofireImage in Frameworks */,
			);
			runOnlyForDeploymentPostprocessing = 0;
		};
/* End PBXFrameworksBuildPhase section */

/* Begin PBXGroup section */
		812C8B8729D2428400B7F7A2 = {
			isa = PBXGroup;
			children = (
				812C8B9229D2428400B7F7A2 /* Be_Real_Clone */,
				812C8B9129D2428400B7F7A2 /* Products */,
			);
			sourceTree = "<group>";
		};
		812C8B9129D2428400B7F7A2 /* Products */ = {
			isa = PBXGroup;
			children = (
				812C8B9029D2428400B7F7A2 /* Be_Real_Clone.app */,
			);
			name = Products;
			sourceTree = "<group>";
		};
		812C8B9229D2428400B7F7A2 /* Be_Real_Clone */ = {
			isa = PBXGroup;
			children = (
				812C8B9329D2428400B7F7A2 /* AppDelegate.swift */,
				812C8B9529D2428400B7F7A2 /* SceneDelegate.swift */,
				812C8BAE29D2448900B7F7A2 /* Extensions */,
				812C8BAD29D2447C00B7F7A2 /* Post */,
				812C8BAC29D2447400B7F7A2 /* Feed */,
				812C8BAB29D2446B00B7F7A2 /* Login */,
				812C8BAA29D2445B00B7F7A2 /* Models */,
				812C8B9929D2428400B7F7A2 /* Main.storyboard */,
				812C8B9C29D2428500B7F7A2 /* Assets.xcassets */,
				812C8B9E29D2428500B7F7A2 /* LaunchScreen.storyboard */,
				812C8BA129D2428500B7F7A2 /* Info.plist */,
			);
			path = Be_Real_Clone;
			sourceTree = "<group>";
		};
		812C8BAA29D2445B00B7F7A2 /* Models */ = {
			isa = PBXGroup;
			children = (
				812C8BB729D2524700B7F7A2 /* Users.swift */,
				8186770F29D297E000B13A99 /* Post.swift */,
			);
			path = Models;
			sourceTree = "<group>";
		};
		812C8BAB29D2446B00B7F7A2 /* Login */ = {
			isa = PBXGroup;
			children = (
				812C8B9729D2428400B7F7A2 /* LoginViewController.swift */,
				812C8BB929D2834200B7F7A2 /* SignUpViewController.swift */,
			);
			path = Login;
			sourceTree = "<group>";
		};
		812C8BAC29D2447400B7F7A2 /* Feed */ = {
			isa = PBXGroup;
			children = (
				8186770D29D295F100B13A99 /* PostCell.swift */,
				8186771129D29CC300B13A99 /* FeedViewController.swift */,
			);
			path = Feed;
			sourceTree = "<group>";
		};
		812C8BAD29D2447C00B7F7A2 /* Post */ = {
			isa = PBXGroup;
			children = (
				8186770529D28D8900B13A99 /* PostViewController.swift */,
			);
			path = Post;
			sourceTree = "<group>";
		};
		812C8BAE29D2448900B7F7A2 /* Extensions */ = {
			isa = PBXGroup;
			children = (
				812C8BBB29D2856E00B7F7A2 /* DateFormatter+Extension.swift */,
			);
			path = Extensions;
			sourceTree = "<group>";
		};
/* End PBXGroup section */

/* Begin PBXNativeTarget section */
		812C8B8F29D2428400B7F7A2 /* Be_Real_Clone */ = {
			isa = PBXNativeTarget;
			buildConfigurationList = 812C8BA429D2428500B7F7A2 /* Build configuration list for PBXNativeTarget "Be_Real_Clone" */;
			buildPhases = (
				812C8B8C29D2428400B7F7A2 /* Sources */,
				812C8B8D29D2428400B7F7A2 /* Frameworks */,
				812C8B8E29D2428400B7F7A2 /* Resources */,
			);
			buildRules = (
			);
			dependencies = (
			);
			name = Be_Real_Clone;
			packageProductDependencies = (
				812C8BA829D2431C00B7F7A2 /* ParseSwift */,
				812C8BB029D2457C00B7F7A2 /* Alamofire */,
				812C8BB329D2465700B7F7A2 /* AlamofireImage */,
			);
			productName = Be_Real_Clone;
			productReference = 812C8B9029D2428400B7F7A2 /* Be_Real_Clone.app */;
			productType = "com.apple.product-type.application";
		};
/* End PBXNativeTarget section */

/* Begin PBXProject section */
		812C8B8829D2428400B7F7A2 /* Project object */ = {
			isa = PBXProject;
			attributes = {
				BuildIndependentTargetsInParallel = 1;
				LastSwiftUpdateCheck = 1420;
				LastUpgradeCheck = 1420;
				TargetAttributes = {
					812C8B8F29D2428400B7F7A2 = {
						CreatedOnToolsVersion = 14.2;
					};
				};
			};
			buildConfigurationList = 812C8B8B29D2428400B7F7A2 /* Build configuration list for PBXProject "Be_Real_Clone" */;
			compatibilityVersion = "Xcode 14.0";
			developmentRegion = en;
			hasScannedForEncodings = 0;
			knownRegions = (
				en,
				Base,
			);
			mainGroup = 812C8B8729D2428400B7F7A2;
			packageReferences = (
				812C8BA729D2431C00B7F7A2 /* XCRemoteSwiftPackageReference "Parse-Swift" */,
				812C8BAF29D2457C00B7F7A2 /* XCRemoteSwiftPackageReference "Alamofire" */,
				812C8BB229D2465700B7F7A2 /* XCRemoteSwiftPackageReference "AlamofireImage" */,
			);
			productRefGroup = 812C8B9129D2428400B7F7A2 /* Products */;
			projectDirPath = "";
			projectRoot = "";
			targets = (
				812C8B8F29D2428400B7F7A2 /* Be_Real_Clone */,
			);
		};
/* End PBXProject section */

/* Begin PBXResourcesBuildPhase section */
		812C8B8E29D2428400B7F7A2 /* Resources */ = {
			isa = PBXResourcesBuildPhase;
			buildActionMask = 2147483647;
			files = (
				812C8BA029D2428500B7F7A2 /* LaunchScreen.storyboard in Resources */,
				812C8B9D29D2428500B7F7A2 /* Assets.xcassets in Resources */,
				812C8B9B29D2428400B7F7A2 /* Main.storyboard in Resources */,
			);
			runOnlyForDeploymentPostprocessing = 0;
		};
/* End PBXResourcesBuildPhase section */

/* Begin PBXSourcesBuildPhase section */
		812C8B8C29D2428400B7F7A2 /* Sources */ = {
			isa = PBXSourcesBuildPhase;
			buildActionMask = 2147483647;
			files = (
				812C8B9829D2428400B7F7A2 /* LoginViewController.swift in Sources */,
				812C8BB829D2524700B7F7A2 /* Users.swift in Sources */,
				8186771229D29CC300B13A99 /* FeedViewController.swift in Sources */,
				8186770629D28D8900B13A99 /* PostViewController.swift in Sources */,
				812C8BBC29D2856E00B7F7A2 /* DateFormatter+Extension.swift in Sources */,
				812C8B9429D2428400B7F7A2 /* AppDelegate.swift in Sources */,
				8186770E29D295F100B13A99 /* PostCell.swift in Sources */,
				812C8B9629D2428400B7F7A2 /* SceneDelegate.swift in Sources */,
				812C8BBA29D2834200B7F7A2 /* SignUpViewController.swift in Sources */,
				8186771029D297E000B13A99 /* Post.swift in Sources */,
			);
			runOnlyForDeploymentPostprocessing = 0;
		};
/* End PBXSourcesBuildPhase section */

/* Begin PBXVariantGroup section */
		812C8B9929D2428400B7F7A2 /* Main.storyboard */ = {
			isa = PBXVariantGroup;
			children = (
				812C8B9A29D2428400B7F7A2 /* Base */,
			);
			name = Main.storyboard;
			sourceTree = "<group>";
		};
		812C8B9E29D2428500B7F7A2 /* LaunchScreen.storyboard */ = {
			isa = PBXVariantGroup;
			children = (
				812C8B9F29D2428500B7F7A2 /* Base */,
			);
			name = LaunchScreen.storyboard;
			sourceTree = "<group>";
		};
/* End PBXVariantGroup section */

/* Begin XCBuildConfiguration section */
		812C8BA229D2428500B7F7A2 /* Debug */ = {
			isa = XCBuildConfiguration;
			buildSettings = {
				ALWAYS_SEARCH_USER_PATHS = NO;
				CLANG_ANALYZER_NONNULL = YES;
				CLANG_ANALYZER_NUMBER_OBJECT_CONVERSION = YES_AGGRESSIVE;
				CLANG_CXX_LANGUAGE_STANDARD = "gnu++20";
				CLANG_ENABLE_MODULES = YES;
				CLANG_ENABLE_OBJC_ARC = YES;
				CLANG_ENABLE_OBJC_WEAK = YES;
				CLANG_WARN_BLOCK_CAPTURE_AUTORELEASING = YES;
				CLANG_WARN_BOOL_CONVERSION = YES;
				CLANG_WARN_COMMA = YES;
				CLANG_WARN_CONSTANT_CONVERSION = YES;
				CLANG_WARN_DEPRECATED_OBJC_IMPLEMENTATIONS = YES;
				CLANG_WARN_DIRECT_OBJC_ISA_USAGE = YES_ERROR;
				CLANG_WARN_DOCUMENTATION_COMMENTS = YES;
				CLANG_WARN_EMPTY_BODY = YES;
				CLANG_WARN_ENUM_CONVERSION = YES;
				CLANG_WARN_INFINITE_RECURSION = YES;
				CLANG_WARN_INT_CONVERSION = YES;
				CLANG_WARN_NON_LITERAL_NULL_CONVERSION = YES;
				CLANG_WARN_OBJC_IMPLICIT_RETAIN_SELF = YES;
				CLANG_WARN_OBJC_LITERAL_CONVERSION = YES;
				CLANG_WARN_OBJC_ROOT_CLASS = YES_ERROR;
				CLANG_WARN_QUOTED_INCLUDE_IN_FRAMEWORK_HEADER = YES;
				CLANG_WARN_RANGE_LOOP_ANALYSIS = YES;
				CLANG_WARN_STRICT_PROTOTYPES = YES;
				CLANG_WARN_SUSPICIOUS_MOVE = YES;
				CLANG_WARN_UNGUARDED_AVAILABILITY = YES_AGGRESSIVE;
				CLANG_WARN_UNREACHABLE_CODE = YES;
				CLANG_WARN__DUPLICATE_METHOD_MATCH = YES;
				COPY_PHASE_STRIP = NO;
				DEBUG_INFORMATION_FORMAT = dwarf;
				ENABLE_STRICT_OBJC_MSGSEND = YES;
				ENABLE_TESTABILITY = YES;
				GCC_C_LANGUAGE_STANDARD = gnu11;
				GCC_DYNAMIC_NO_PIC = NO;
				GCC_NO_COMMON_BLOCKS = YES;
				GCC_OPTIMIZATION_LEVEL = 0;
				GCC_PREPROCESSOR_DEFINITIONS = (
					"DEBUG=1",
					"$(inherited)",
				);
				GCC_WARN_64_TO_32_BIT_CONVERSION = YES;
				GCC_WARN_ABOUT_RETURN_TYPE = YES_ERROR;
				GCC_WARN_UNDECLARED_SELECTOR = YES;
				GCC_WARN_UNINITIALIZED_AUTOS = YES_AGGRESSIVE;
				GCC_WARN_UNUSED_FUNCTION = YES;
				GCC_WARN_UNUSED_VARIABLE = YES;
				IPHONEOS_DEPLOYMENT_TARGET = 16.2;
				MTL_ENABLE_DEBUG_INFO = INCLUDE_SOURCE;
				MTL_FAST_MATH = YES;
				ONLY_ACTIVE_ARCH = YES;
				SDKROOT = iphoneos;
				SWIFT_ACTIVE_COMPILATION_CONDITIONS = DEBUG;
				SWIFT_OPTIMIZATION_LEVEL = "-Onone";
			};
			name = Debug;
		};
		812C8BA329D2428500B7F7A2 /* Release */ = {
			isa = XCBuildConfiguration;
			buildSettings = {
				ALWAYS_SEARCH_USER_PATHS = NO;
				CLANG_ANALYZER_NONNULL = YES;
				CLANG_ANALYZER_NUMBER_OBJECT_CONVERSION = YES_AGGRESSIVE;
				CLANG_CXX_LANGUAGE_STANDARD = "gnu++20";
				CLANG_ENABLE_MODULES = YES;
				CLANG_ENABLE_OBJC_ARC = YES;
				CLANG_ENABLE_OBJC_WEAK = YES;
				CLANG_WARN_BLOCK_CAPTURE_AUTORELEASING = YES;
				CLANG_WARN_BOOL_CONVERSION = YES;
				CLANG_WARN_COMMA = YES;
				CLANG_WARN_CONSTANT_CONVERSION = YES;
				CLANG_WARN_DEPRECATED_OBJC_IMPLEMENTATIONS = YES;
				CLANG_WARN_DIRECT_OBJC_ISA_USAGE = YES_ERROR;
				CLANG_WARN_DOCUMENTATION_COMMENTS = YES;
				CLANG_WARN_EMPTY_BODY = YES;
				CLANG_WARN_ENUM_CONVERSION = YES;
				CLANG_WARN_INFINITE_RECURSION = YES;
				CLANG_WARN_INT_CONVERSION = YES;
				CLANG_WARN_NON_LITERAL_NULL_CONVERSION = YES;
				CLANG_WARN_OBJC_IMPLICIT_RETAIN_SELF = YES;
				CLANG_WARN_OBJC_LITERAL_CONVERSION = YES;
				CLANG_WARN_OBJC_ROOT_CLASS = YES_ERROR;
				CLANG_WARN_QUOTED_INCLUDE_IN_FRAMEWORK_HEADER = YES;
				CLANG_WARN_RANGE_LOOP_ANALYSIS = YES;
				CLANG_WARN_STRICT_PROTOTYPES = YES;
				CLANG_WARN_SUSPICIOUS_MOVE = YES;
				CLANG_WARN_UNGUARDED_AVAILABILITY = YES_AGGRESSIVE;
				CLANG_WARN_UNREACHABLE_CODE = YES;
				CLANG_WARN__DUPLICATE_METHOD_MATCH = YES;
				COPY_PHASE_STRIP = NO;
				DEBUG_INFORMATION_FORMAT = "dwarf-with-dsym";
				ENABLE_NS_ASSERTIONS = NO;
				ENABLE_STRICT_OBJC_MSGSEND = YES;
				GCC_C_LANGUAGE_STANDARD = gnu11;
				GCC_NO_COMMON_BLOCKS = YES;
				GCC_WARN_64_TO_32_BIT_CONVERSION = YES;
				GCC_WARN_ABOUT_RETURN_TYPE = YES_ERROR;
				GCC_WARN_UNDECLARED_SELECTOR = YES;
				GCC_WARN_UNINITIALIZED_AUTOS = YES_AGGRESSIVE;
				GCC_WARN_UNUSED_FUNCTION = YES;
				GCC_WARN_UNUSED_VARIABLE = YES;
				IPHONEOS_DEPLOYMENT_TARGET = 16.2;
				MTL_ENABLE_DEBUG_INFO = NO;
				MTL_FAST_MATH = YES;
				SDKROOT = iphoneos;
				SWIFT_COMPILATION_MODE = wholemodule;
				SWIFT_OPTIMIZATION_LEVEL = "-O";
				VALIDATE_PRODUCT = YES;
			};
			name = Release;
		};
		812C8BA529D2428500B7F7A2 /* Debug */ = {
			isa = XCBuildConfiguration;
			buildSettings = {
				ASSETCATALOG_COMPILER_APPICON_NAME = AppIcon;
				ASSETCATALOG_COMPILER_GLOBAL_ACCENT_COLOR_NAME = AccentColor;
				CODE_SIGN_STYLE = Automatic;
				CURRENT_PROJECT_VERSION = 1;
				DEVELOPMENT_TEAM = A8RXYA4V5F;
				GENERATE_INFOPLIST_FILE = YES;
				INFOPLIST_FILE = Be_Real_Clone/Info.plist;
				INFOPLIST_KEY_UIApplicationSupportsIndirectInputEvents = YES;
				INFOPLIST_KEY_UILaunchStoryboardName = LaunchScreen;
				INFOPLIST_KEY_UIMainStoryboardFile = Main;
				INFOPLIST_KEY_UISupportedInterfaceOrientations_iPad = "UIInterfaceOrientationPortrait UIInterfaceOrientationPortraitUpsideDown UIInterfaceOrientationLandscapeLeft UIInterfaceOrientationLandscapeRight";
				INFOPLIST_KEY_UISupportedInterfaceOrientations_iPhone = "UIInterfaceOrientationPortrait UIInterfaceOrientationLandscapeLeft UIInterfaceOrientationLandscapeRight";
				LD_RUNPATH_SEARCH_PATHS = (
					"$(inherited)",
					"@executable_path/Frameworks",
				);
				MARKETING_VERSION = 1.0;
				PRODUCT_BUNDLE_IDENTIFIER = "JonathanVelez.Be-Real-Clone";
				PRODUCT_NAME = "$(TARGET_NAME)";
				SWIFT_EMIT_LOC_STRINGS = YES;
				SWIFT_VERSION = 5.0;
				TARGETED_DEVICE_FAMILY = "1,2";
			};
			name = Debug;
		};
		812C8BA629D2428500B7F7A2 /* Release */ = {
			isa = XCBuildConfiguration;
			buildSettings = {
				ASSETCATALOG_COMPILER_APPICON_NAME = AppIcon;
				ASSETCATALOG_COMPILER_GLOBAL_ACCENT_COLOR_NAME = AccentColor;
				CODE_SIGN_STYLE = Automatic;
				CURRENT_PROJECT_VERSION = 1;
				DEVELOPMENT_TEAM = A8RXYA4V5F;
				GENERATE_INFOPLIST_FILE = YES;
				INFOPLIST_FILE = Be_Real_Clone/Info.plist;
				INFOPLIST_KEY_UIApplicationSupportsIndirectInputEvents = YES;
				INFOPLIST_KEY_UILaunchStoryboardName = LaunchScreen;
				INFOPLIST_KEY_UIMainStoryboardFile = Main;
				INFOPLIST_KEY_UISupportedInterfaceOrientations_iPad = "UIInterfaceOrientationPortrait UIInterfaceOrientationPortraitUpsideDown UIInterfaceOrientationLandscapeLeft UIInterfaceOrientationLandscapeRight";
				INFOPLIST_KEY_UISupportedInterfaceOrientations_iPhone = "UIInterfaceOrientationPortrait UIInterfaceOrientationLandscapeLeft UIInterfaceOrientationLandscapeRight";
				LD_RUNPATH_SEARCH_PATHS = (
					"$(inherited)",
					"@executable_path/Frameworks",
				);
				MARKETING_VERSION = 1.0;
				PRODUCT_BUNDLE_IDENTIFIER = "JonathanVelez.Be-Real-Clone";
				PRODUCT_NAME = "$(TARGET_NAME)";
				SWIFT_EMIT_LOC_STRINGS = YES;
				SWIFT_VERSION = 5.0;
				TARGETED_DEVICE_FAMILY = "1,2";
			};
			name = Release;
		};
/* End XCBuildConfiguration section */

/* Begin XCConfigurationList section */
		812C8B8B29D2428400B7F7A2 /* Build configuration list for PBXProject "Be_Real_Clone" */ = {
			isa = XCConfigurationList;
			buildConfigurations = (
				812C8BA229D2428500B7F7A2 /* Debug */,
				812C8BA329D2428500B7F7A2 /* Release */,
			);
			defaultConfigurationIsVisible = 0;
			defaultConfigurationName = Release;
		};
		812C8BA429D2428500B7F7A2 /* Build configuration list for PBXNativeTarget "Be_Real_Clone" */ = {
			isa = XCConfigurationList;
			buildConfigurations = (
				812C8BA529D2428500B7F7A2 /* Debug */,
				812C8BA629D2428500B7F7A2 /* Release */,
			);
			defaultConfigurationIsVisible = 0;
			defaultConfigurationName = Release;
		};
/* End XCConfigurationList section */

/* Begin XCRemoteSwiftPackageReference section */
		812C8BA729D2431C00B7F7A2 /* XCRemoteSwiftPackageReference "Parse-Swift" */ = {
			isa = XCRemoteSwiftPackageReference;
			repositoryURL = "https://github.com/parse-community/Parse-Swift";
			requirement = {
				kind = upToNextMajorVersion;
				minimumVersion = 4.0.0;
			};
		};
		812C8BAF29D2457C00B7F7A2 /* XCRemoteSwiftPackageReference "Alamofire" */ = {
			isa = XCRemoteSwiftPackageReference;
			repositoryURL = "https://github.com/Alamofire/Alamofire";
			requirement = {
				kind = upToNextMajorVersion;
				minimumVersion = 5.0.0;
			};
		};
		812C8BB229D2465700B7F7A2 /* XCRemoteSwiftPackageReference "AlamofireImage" */ = {
			isa = XCRemoteSwiftPackageReference;
			repositoryURL = "https://github.com/Alamofire/AlamofireImage";
			requirement = {
				kind = upToNextMajorVersion;
				minimumVersion = 4.0.0;
			};
		};
/* End XCRemoteSwiftPackageReference section */

/* Begin XCSwiftPackageProductDependency section */
		812C8BA829D2431C00B7F7A2 /* ParseSwift */ = {
			isa = XCSwiftPackageProductDependency;
			package = 812C8BA729D2431C00B7F7A2 /* XCRemoteSwiftPackageReference "Parse-Swift" */;
			productName = ParseSwift;
		};
		812C8BB029D2457C00B7F7A2 /* Alamofire */ = {
			isa = XCSwiftPackageProductDependency;
			package = 812C8BAF29D2457C00B7F7A2 /* XCRemoteSwiftPackageReference "Alamofire" */;
			productName = Alamofire;
		};
		812C8BB329D2465700B7F7A2 /* AlamofireImage */ = {
			isa = XCSwiftPackageProductDependency;
			package = 812C8BB229D2465700B7F7A2 /* XCRemoteSwiftPackageReference "AlamofireImage" */;
			productName = AlamofireImage;
		};
/* End XCSwiftPackageProductDependency section */
	};
	rootObject = 812C8B8829D2428400B7F7A2 /* Project object */;
}
